
Microsoft Visual Studio Solution File, Format Version 12.00
# Visual Studio Version 17
VisualStudioVersion = 17.4.33205.214
MinimumVisualStudioVersion = 10.0.40219.1
Project("{FAE04EC0-301F-11D3-BF4B-00C04F79EFBC}") = "Avion", "Avion\Avion.csproj", "{D6DBAC8D-CA0A-42BD-8142-0E2F8A53DB3C}"
EndProject
Project("{FAE04EC0-301F-11D3-BF4B-00C04F79EFBC}") = "WindowsFormsApp1", "WindowsFormsApp1\WindowsFormsApp1.csproj", "{FA6F6824-40C2-4896-93AA-5489C3960189}"
EndProject
Global
	GlobalSection(SolutionConfigurationPlatforms) = preSolution
		Debug|Any CPU = Debug|Any CPU
		Release|Any CPU = Release|Any CPU
	EndGlobalSection
	GlobalSection(ProjectConfigurationPlatforms) = postSolution
		{D6DBAC8D-CA0A-42BD-8142-0E2F8A53DB3C}.Debug|Any CPU.ActiveCfg = Debug|Any CPU
		{D6DBAC8D-CA0A-42BD-8142-0E2F8A53DB3C}.Debug|Any CPU.Build.0 = Debug|Any CPU
		{D6DBAC8D-CA0A-42BD-8142-0E2F8A53DB3C}.Release|Any CPU.ActiveCfg = Release|Any CPU
		{D6DBAC8D-CA0A-42BD-8142-0E2F8A53DB3C}.Release|Any CPU.Build.0 = Release|Any CPU
		{FA6F6824-40C2-4896-93AA-5489C3960189}.Debug|Any CPU.ActiveCfg = Debug|Any CPU
		{FA6F6824-40C2-4896-93AA-5489C3960189}.Debug|Any CPU.Build.0 = Debug|Any CPU
		{FA6F6824-40C2-4896-93AA-5489C3960189}.Release|Any CPU.ActiveCfg = Release|Any CPU
		{FA6F6824-40C2-4896-93AA-5489C3960189}.Release|Any CPU.Build.0 = Release|Any CPU
	EndGlobalSection
	GlobalSection(SolutionProperties) = preSolution
		HideSolutionNode = FALSE
	EndGlobalSection
	GlobalSection(ExtensibilityGlobals) = postSolution
		SolutionGuid = {A494B96A-5E2A-40ED-B74E-EB47682E7708}
	EndGlobalSection
EndGlobal
